
Microsoft Visual Studio Solution File, Format Version 12.00
# Visual Studio Version 16
VisualStudioVersion = 16.0.29201.188
MinimumVisualStudioVersion = 10.0.40219.1
Project("{FAE04EC0-301F-11D3-BF4B-00C04F79EFBC}") = "Lab_9_Refactoring_Time", "Lab_9_Refactoring_Time.csproj", "{3CEF2DB7-9BF8-40E5-9672-90B05931A02E}"
EndProject
Global
	GlobalSection(SolutionConfigurationPlatforms) = preSolution
		Debug|Any CPU = Debug|Any CPU
		Release|Any CPU = Release|Any CPU
	EndGlobalSection
	GlobalSection(ProjectConfigurationPlatforms) = postSolution
		{3CEF2DB7-9BF8-40E5-9672-90B05931A02E}.Debug|Any CPU.ActiveCfg = Debug|Any CPU
		{3CEF2DB7-9BF8-40E5-9672-90B05931A02E}.Debug|Any CPU.Build.0 = Debug|Any CPU
		{3CEF2DB7-9BF8-40E5-9672-90B05931A02E}.Release|Any CPU.ActiveCfg = Release|Any CPU
		{3CEF2DB7-9BF8-40E5-9672-90B05931A02E}.Release|Any CPU.Build.0 = Release|Any CPU
	EndGlobalSection
	GlobalSection(SolutionProperties) = preSolution
		HideSolutionNode = FALSE
	EndGlobalSection
	GlobalSection(ExtensibilityGlobals) = postSolution
		SolutionGuid = {FC8737E9-5368-4217-85FB-87521CA4298B}
	EndGlobalSection
EndGlobal
